# This file is autogenerated, do not edit; changes may be undone by the next 'dep ensure'.


[[projects]]
  name = "cloud.google.com/go"
  packages = ["compute/metadata"]
  revision = "4b98a6370e36d7a85192e7bad08a4ebd82eac2a8"
  version = "v0.20.0"

[[projects]]
  name = "github.com/aws/aws-sdk-go"
  packages = ["aws","aws/awserr","aws/awsutil","aws/client","aws/client/metadata","aws/corehandlers","aws/credentials","aws/credentials/ec2rolecreds","aws/credentials/endpointcreds","aws/credentials/stscreds","aws/defaults","aws/ec2metadata","aws/endpoints","aws/request","aws/session","aws/signer/v4","internal/sdkio","internal/sdkrand","internal/shareddefaults","private/protocol","private/protocol/json/jsonutil","private/protocol/jsonrpc","private/protocol/query","private/protocol/query/queryutil","private/protocol/rest","private/protocol/restjson","private/protocol/restxml","private/protocol/xml/xmlutil","service/lexruntimeservice","service/s3","service/sns","service/sts"]
  revision = "4b5324816e154564ef4e490842c2e40560971f75"
  version = "v1.13.24"

[[projects]]
  name = "github.com/confluentinc/confluent-kafka-go"
  packages = ["kafka"]
  revision = "5e4d04e05fc319ce5996a867aafef29059f26862"
  version = "v0.11.4"

[[projects]]
  name = "github.com/fatih/structs"
  packages = ["."]
  revision = "a720dfa8df582c51dee1b36feabb906bde1588bd"
  version = "v1.0"

[[projects]]
  name = "github.com/fukata/golang-stats-api-handler"
  packages = ["."]
  revision = "90f0b59102629831cc109845475a8d77043412ec"
  version = "v1.0.0"

[[projects]]
  name = "github.com/go-ini/ini"
  packages = ["."]
  revision = "6333e38ac20b8949a8dd68baa3650f4dee8f39f0"
  version = "v1.33.0"

[[projects]]
  name = "github.com/go-sql-driver/mysql"
  packages = ["."]
  revision = "a0583e0143b1624142adab07e0e97fe106d99561"
  version = "v1.3"

[[projects]]
  name = "github.com/go-zoo/bone"
  packages = ["."]
  revision = "fd0aebc74e908868b09ac140fb5a53cb363884c1"
  version = "1.2"

[[projects]]
  name = "github.com/golang/protobuf"
  packages = ["proto"]
  revision = "925541529c1fa6821df4e44ce2723319eb2be768"
  version = "v1.0.0"

[[projects]]
  name = "github.com/jmespath/go-jmespath"
  packages = ["."]
  revision = "0b12d6b5"

[[projects]]
  name = "github.com/mattn/go-sqlite3"
  packages = ["."]
  revision = "6c771bb9887719704b210e87e934f08be014bdb1"
  version = "v1.6.0"

[[projects]]
  name = "github.com/pkg/errors"
  packages = ["."]
  revision = "645ef00459ed84a119197bfb8d8205042c6df63d"
  version = "v0.8.0"

[[projects]]
  name = "github.com/satori/go.uuid"
  packages = ["."]
  revision = "f58768cc1a7a7e77a3bd49e98cdd21419399b6a3"
  version = "v1.2.0"

[[projects]]
  branch = "master"
  name = "github.com/shogo82148/go-gracedown"
  packages = ["."]
  revision = "c030b2477760b7d0826b55c430dd9fcf37f4ecaf"

[[projects]]
  name = "go.uber.org/atomic"
  packages = ["."]
  revision = "8474b86a5a6f79c443ce4b2992817ff32cf208b8"
  version = "v1.3.1"

[[projects]]
  name = "go.uber.org/multierr"
  packages = ["."]
  revision = "3c4937480c32f4c13a875a1829af76c98ca3d40a"
  version = "v1.1.0"

[[projects]]
  name = "go.uber.org/zap"
  packages = [".","buffer","internal/bufferpool","internal/color","internal/exit","zapcore"]
  revision = "35aad584952c3e7020db7b839f6b102de6271f89"
  version = "v1.7.1"

[[projects]]
  branch = "master"
  name = "golang.org/x/net"
  packages = ["context","context/ctxhttp"]
  revision = "6078986fec03a1dcc236c34816c71b0e05018fda"

[[projects]]
  branch = "master"
  name = "golang.org/x/oauth2"
  packages = [".","google","internal","jws","jwt"]
  revision = "fdc9e635145ae97e6c2cb777c48305600cf515cb"

[[projects]]
  branch = "master"
  name = "google.golang.org/api"
  packages = ["gensupport","googleapi","googleapi/internal/uritemplates","storage/v1"]
  revision = "dbbc13f71100fa6ece308335445fca6bb0dd5c2f"

[[projects]]
  name = "google.golang.org/appengine"
  packages = [".","internal","internal/app_identity","internal/base","internal/datastore","internal/log","internal/modules","internal/remote_api","internal/urlfetch","urlfetch"]
  revision = "150dc57a1b433e64154302bdc40b6bb8aefa313a"
  version = "v1.0.0"

[[projects]]
  name = "gopkg.in/gorp.v2"
  packages = ["."]
  revision = "4deece61034873cb5b5416e81abe4cea7bd0da72"
  version = "v2.0.0"

[[projects]]
  name = "gopkg.in/yaml.v2"
  packages = ["."]
  revision = "5420a8b6744d3b0345ab293f6fcba19c978f1183"
  version = "v2.2.1"

[solve-meta]
  analyzer-name = "dep"
  analyzer-version = 1
  inputs-digest = "3ad05006fce7b4d6b05fa441d8dbf5c3205ace1e00a010dace72398e7338a376"
  solver-name = "gps-cdcl"
  solver-version = 1
